// !$*UTF8*$!
{
	archiveVersion = 1;
	classes = {
	};
	objectVersion = 51;
	objects = {

/* Begin PBXBuildFile section */
		756CE43E25676FBD00BCCB2A /* AppDelegate.swift in Sources */ = {isa = PBXBuildFile; fileRef = 756CE43D25676FBD00BCCB2A /* AppDelegate.swift */; };
		756CE44025676FBD00BCCB2A /* SceneDelegate.swift in Sources */ = {isa = PBXBuildFile; fileRef = 756CE43F25676FBD00BCCB2A /* SceneDelegate.swift */; };
		756CE44225676FBD00BCCB2A /* LoginViewController.swift in Sources */ = {isa = PBXBuildFile; fileRef = 756CE44125676FBD00BCCB2A /* LoginViewController.swift */; };
		756CE44525676FBD00BCCB2A /* Main.storyboard in Resources */ = {isa = PBXBuildFile; fileRef = 756CE44325676FBD00BCCB2A /* Main.storyboard */; };
		756CE44725676FC000BCCB2A /* Assets.xcassets in Resources */ = {isa = PBXBuildFile; fileRef = 756CE44625676FC000BCCB2A /* Assets.xcassets */; };
		756CE44A25676FC000BCCB2A /* LaunchScreen.storyboard in Resources */ = {isa = PBXBuildFile; fileRef = 756CE44825676FC000BCCB2A /* LaunchScreen.storyboard */; };
		756CE45525676FC000BCCB2A /* TwitterCloneTests.swift in Sources */ = {isa = PBXBuildFile; fileRef = 756CE45425676FC000BCCB2A /* TwitterCloneTests.swift */; };
		756CE46025676FC000BCCB2A /* TwitterCloneUITests.swift in Sources */ = {isa = PBXBuildFile; fileRef = 756CE45F25676FC000BCCB2A /* TwitterCloneUITests.swift */; };
		756CE472256770CF00BCCB2A /* Localizable.strings in Resources */ = {isa = PBXBuildFile; fileRef = 756CE471256770CF00BCCB2A /* Localizable.strings */; };
		756CE4782567712400BCCB2A /* LocalizableUtils.swift in Sources */ = {isa = PBXBuildFile; fileRef = 756CE4772567712400BCCB2A /* LocalizableUtils.swift */; };
		756CE4802567745E00BCCB2A /* GoogleService-Info.plist in Resources */ = {isa = PBXBuildFile; fileRef = 756CE47F2567745100BCCB2A /* GoogleService-Info.plist */; };
		756CE49C2567779500BCCB2A /* StringExtensions.swift in Sources */ = {isa = PBXBuildFile; fileRef = 756CE49B2567779500BCCB2A /* StringExtensions.swift */; };
		756CE4A1256779EF00BCCB2A /* DashboardViewController.swift in Sources */ = {isa = PBXBuildFile; fileRef = 756CE4A0256779EF00BCCB2A /* DashboardViewController.swift */; };
		756CE4BB25677B0800BCCB2A /* KeychainService.swift in Sources */ = {isa = PBXBuildFile; fileRef = 756CE4BA25677B0800BCCB2A /* KeychainService.swift */; };
		756CE4C02567827100BCCB2A /* TweetViewController.swift in Sources */ = {isa = PBXBuildFile; fileRef = 756CE4BF2567827100BCCB2A /* TweetViewController.swift */; };
		85C06FAF435E6C65A3A57326 /* Pods_TwitterCloneTests.framework in Frameworks */ = {isa = PBXBuildFile; fileRef = 16CBDA73C039B86D99B4E5AE /* Pods_TwitterCloneTests.framework */; };
		BEC06FBE19BA34D768232CA7 /* Pods_TwitterClone.framework in Frameworks */ = {isa = PBXBuildFile; fileRef = F6C8009644B6A39829958784 /* Pods_TwitterClone.framework */; };
		D196B4BD3FB42A9DB43F5EFA /* Pods_TwitterClone_TwitterCloneUITests.framework in Frameworks */ = {isa = PBXBuildFile; fileRef = DBD78B8D022CD18FF6A35E91 /* Pods_TwitterClone_TwitterCloneUITests.framework */; };
/* End PBXBuildFile section */

/* Begin PBXContainerItemProxy section */
		756CE45125676FC000BCCB2A /* PBXContainerItemProxy */ = {
			isa = PBXContainerItemProxy;
			containerPortal = 756CE43225676FBD00BCCB2A /* Project object */;
			proxyType = 1;
			remoteGlobalIDString = 756CE43925676FBD00BCCB2A;
			remoteInfo = TwitterClone;
		};
		756CE45C25676FC000BCCB2A /* PBXContainerItemProxy */ = {
			isa = PBXContainerItemProxy;
			containerPortal = 756CE43225676FBD00BCCB2A /* Project object */;
			proxyType = 1;
			remoteGlobalIDString = 756CE43925676FBD00BCCB2A;
			remoteInfo = TwitterClone;
		};
/* End PBXContainerItemProxy section */

/* Begin PBXFileReference section */
		16CBDA73C039B86D99B4E5AE /* Pods_TwitterCloneTests.framework */ = {isa = PBXFileReference; explicitFileType = wrapper.framework; includeInIndex = 0; path = Pods_TwitterCloneTests.framework; sourceTree = BUILT_PRODUCTS_DIR; };
		5FD6C461188A5C23F53A075D /* Pods-TwitterClone-TwitterCloneUITests.release.xcconfig */ = {isa = PBXFileReference; includeInIndex = 1; lastKnownFileType = text.xcconfig; name = "Pods-TwitterClone-TwitterCloneUITests.release.xcconfig"; path = "Target Support Files/Pods-TwitterClone-TwitterCloneUITests/Pods-TwitterClone-TwitterCloneUITests.release.xcconfig"; sourceTree = "<group>"; };
		6C9D6D0F6CA4492DB46136FE /* Pods-TwitterClone.debug.xcconfig */ = {isa = PBXFileReference; includeInIndex = 1; lastKnownFileType = text.xcconfig; name = "Pods-TwitterClone.debug.xcconfig"; path = "Target Support Files/Pods-TwitterClone/Pods-TwitterClone.debug.xcconfig"; sourceTree = "<group>"; };
		756CE43A25676FBD00BCCB2A /* TwitterClone.app */ = {isa = PBXFileReference; explicitFileType = wrapper.application; includeInIndex = 0; path = TwitterClone.app; sourceTree = BUILT_PRODUCTS_DIR; };
		756CE43D25676FBD00BCCB2A /* AppDelegate.swift */ = {isa = PBXFileReference; lastKnownFileType = sourcecode.swift; path = AppDelegate.swift; sourceTree = "<group>"; };
		756CE43F25676FBD00BCCB2A /* SceneDelegate.swift */ = {isa = PBXFileReference; lastKnownFileType = sourcecode.swift; path = SceneDelegate.swift; sourceTree = "<group>"; };
		756CE44125676FBD00BCCB2A /* LoginViewController.swift */ = {isa = PBXFileReference; lastKnownFileType = sourcecode.swift; path = LoginViewController.swift; sourceTree = "<group>"; };
		756CE44425676FBD00BCCB2A /* Base */ = {isa = PBXFileReference; lastKnownFileType = file.storyboard; name = Base; path = Base.lproj/Main.storyboard; sourceTree = "<group>"; };
		756CE44625676FC000BCCB2A /* Assets.xcassets */ = {isa = PBXFileReference; lastKnownFileType = folder.assetcatalog; path = Assets.xcassets; sourceTree = "<group>"; };
		756CE44925676FC000BCCB2A /* Base */ = {isa = PBXFileReference; lastKnownFileType = file.storyboard; name = Base; path = Base.lproj/LaunchScreen.storyboard; sourceTree = "<group>"; };
		756CE44B25676FC000BCCB2A /* Info.plist */ = {isa = PBXFileReference; lastKnownFileType = text.plist.xml; path = Info.plist; sourceTree = "<group>"; };
		756CE45025676FC000BCCB2A /* TwitterCloneTests.xctest */ = {isa = PBXFileReference; explicitFileType = wrapper.cfbundle; includeInIndex = 0; path = TwitterCloneTests.xctest; sourceTree = BUILT_PRODUCTS_DIR; };
		756CE45425676FC000BCCB2A /* TwitterCloneTests.swift */ = {isa = PBXFileReference; lastKnownFileType = sourcecode.swift; path = TwitterCloneTests.swift; sourceTree = "<group>"; };
		756CE45625676FC000BCCB2A /* Info.plist */ = {isa = PBXFileReference; lastKnownFileType = text.plist.xml; path = Info.plist; sourceTree = "<group>"; };
		756CE45B25676FC000BCCB2A /* TwitterCloneUITests.xctest */ = {isa = PBXFileReference; explicitFileType = wrapper.cfbundle; includeInIndex = 0; path = TwitterCloneUITests.xctest; sourceTree = BUILT_PRODUCTS_DIR; };
		756CE45F25676FC000BCCB2A /* TwitterCloneUITests.swift */ = {isa = PBXFileReference; lastKnownFileType = sourcecode.swift; path = TwitterCloneUITests.swift; sourceTree = "<group>"; };
		756CE46125676FC000BCCB2A /* Info.plist */ = {isa = PBXFileReference; lastKnownFileType = text.plist.xml; path = Info.plist; sourceTree = "<group>"; };
		756CE471256770CF00BCCB2A /* Localizable.strings */ = {isa = PBXFileReference; lastKnownFileType = text.plist.strings; path = Localizable.strings; sourceTree = "<group>"; };
		756CE4772567712400BCCB2A /* LocalizableUtils.swift */ = {isa = PBXFileReference; lastKnownFileType = sourcecode.swift; path = LocalizableUtils.swift; sourceTree = "<group>"; };
		756CE47F2567745100BCCB2A /* GoogleService-Info.plist */ = {isa = PBXFileReference; lastKnownFileType = text.plist.xml; path = "GoogleService-Info.plist"; sourceTree = "<group>"; };
		756CE49B2567779500BCCB2A /* StringExtensions.swift */ = {isa = PBXFileReference; lastKnownFileType = sourcecode.swift; path = StringExtensions.swift; sourceTree = "<group>"; };
		756CE4A0256779EF00BCCB2A /* DashboardViewController.swift */ = {isa = PBXFileReference; lastKnownFileType = sourcecode.swift; path = DashboardViewController.swift; sourceTree = "<group>"; };
		756CE4BA25677B0800BCCB2A /* KeychainService.swift */ = {isa = PBXFileReference; lastKnownFileType = sourcecode.swift; path = KeychainService.swift; sourceTree = "<group>"; };
		756CE4BF2567827100BCCB2A /* TweetViewController.swift */ = {isa = PBXFileReference; lastKnownFileType = sourcecode.swift; path = TweetViewController.swift; sourceTree = "<group>"; };
		7ACCCA013BB895DEB0DEE2FB /* Pods-TwitterCloneTests.release.xcconfig */ = {isa = PBXFileReference; includeInIndex = 1; lastKnownFileType = text.xcconfig; name = "Pods-TwitterCloneTests.release.xcconfig"; path = "Target Support Files/Pods-TwitterCloneTests/Pods-TwitterCloneTests.release.xcconfig"; sourceTree = "<group>"; };
		7D020B86F5A1ABFDB5DD72E1 /* Pods-TwitterCloneTests.debug.xcconfig */ = {isa = PBXFileReference; includeInIndex = 1; lastKnownFileType = text.xcconfig; name = "Pods-TwitterCloneTests.debug.xcconfig"; path = "Target Support Files/Pods-TwitterCloneTests/Pods-TwitterCloneTests.debug.xcconfig"; sourceTree = "<group>"; };
		7E2C9DA13BF5C8DDE680D27F /* Pods-TwitterClone-TwitterCloneUITests.debug.xcconfig */ = {isa = PBXFileReference; includeInIndex = 1; lastKnownFileType = text.xcconfig; name = "Pods-TwitterClone-TwitterCloneUITests.debug.xcconfig"; path = "Target Support Files/Pods-TwitterClone-TwitterCloneUITests/Pods-TwitterClone-TwitterCloneUITests.debug.xcconfig"; sourceTree = "<group>"; };
		C99E3E362E9D1925669A416E /* Pods-TwitterClone.release.xcconfig */ = {isa = PBXFileReference; includeInIndex = 1; lastKnownFileType = text.xcconfig; name = "Pods-TwitterClone.release.xcconfig"; path = "Target Support Files/Pods-TwitterClone/Pods-TwitterClone.release.xcconfig"; sourceTree = "<group>"; };
		DBD78B8D022CD18FF6A35E91 /* Pods_TwitterClone_TwitterCloneUITests.framework */ = {isa = PBXFileReference; explicitFileType = wrapper.framework; includeInIndex = 0; path = Pods_TwitterClone_TwitterCloneUITests.framework; sourceTree = BUILT_PRODUCTS_DIR; };
		F6C8009644B6A39829958784 /* Pods_TwitterClone.framework */ = {isa = PBXFileReference; explicitFileType = wrapper.framework; includeInIndex = 0; path = Pods_TwitterClone.framework; sourceTree = BUILT_PRODUCTS_DIR; };
/* End PBXFileReference section */

/* Begin PBXFrameworksBuildPhase section */
		756CE43725676FBD00BCCB2A /* Frameworks */ = {
			isa = PBXFrameworksBuildPhase;
			buildActionMask = 2147483647;
			files = (
				BEC06FBE19BA34D768232CA7 /* Pods_TwitterClone.framework in Frameworks */,
			);
			runOnlyForDeploymentPostprocessing = 0;
		};
		756CE44D25676FC000BCCB2A /* Frameworks */ = {
			isa = PBXFrameworksBuildPhase;
			buildActionMask = 2147483647;
			files = (
				85C06FAF435E6C65A3A57326 /* Pods_TwitterCloneTests.framework in Frameworks */,
			);
			runOnlyForDeploymentPostprocessing = 0;
		};
		756CE45825676FC000BCCB2A /* Frameworks */ = {
			isa = PBXFrameworksBuildPhase;
			buildActionMask = 2147483647;
			files = (
				D196B4BD3FB42A9DB43F5EFA /* Pods_TwitterClone_TwitterCloneUITests.framework in Frameworks */,
			);
			runOnlyForDeploymentPostprocessing = 0;
		};
/* End PBXFrameworksBuildPhase section */

/* Begin PBXGroup section */
		611A8C030FFA943CB4D632A7 /* Frameworks */ = {
			isa = PBXGroup;
			children = (
				F6C8009644B6A39829958784 /* Pods_TwitterClone.framework */,
				DBD78B8D022CD18FF6A35E91 /* Pods_TwitterClone_TwitterCloneUITests.framework */,
				16CBDA73C039B86D99B4E5AE /* Pods_TwitterCloneTests.framework */,
			);
			name = Frameworks;
			sourceTree = "<group>";
		};
		756CE43125676FBD00BCCB2A = {
			isa = PBXGroup;
			children = (
				756CE43C25676FBD00BCCB2A /* TwitterClone */,
				756CE45325676FC000BCCB2A /* TwitterCloneTests */,
				756CE45E25676FC000BCCB2A /* TwitterCloneUITests */,
				756CE43B25676FBD00BCCB2A /* Products */,
				DAB66E6FB4CB120742156EA8 /* Pods */,
				611A8C030FFA943CB4D632A7 /* Frameworks */,
			);
			sourceTree = "<group>";
		};
		756CE43B25676FBD00BCCB2A /* Products */ = {
			isa = PBXGroup;
			children = (
				756CE43A25676FBD00BCCB2A /* TwitterClone.app */,
				756CE45025676FC000BCCB2A /* TwitterCloneTests.xctest */,
				756CE45B25676FC000BCCB2A /* TwitterCloneUITests.xctest */,
			);
			name = Products;
			sourceTree = "<group>";
		};
		756CE43C25676FBD00BCCB2A /* TwitterClone */ = {
			isa = PBXGroup;
			children = (
				756CE4762567711200BCCB2A /* Utilities */,
				756CE470256770B700BCCB2A /* Localizable */,
				756CE43D25676FBD00BCCB2A /* AppDelegate.swift */,
				756CE43F25676FBD00BCCB2A /* SceneDelegate.swift */,
				756CE44125676FBD00BCCB2A /* LoginViewController.swift */,
				756CE44325676FBD00BCCB2A /* Main.storyboard */,
				756CE44625676FC000BCCB2A /* Assets.xcassets */,
				756CE44825676FC000BCCB2A /* LaunchScreen.storyboard */,
				756CE47F2567745100BCCB2A /* GoogleService-Info.plist */,
				756CE44B25676FC000BCCB2A /* Info.plist */,
				756CE4A0256779EF00BCCB2A /* DashboardViewController.swift */,
				756CE4BF2567827100BCCB2A /* TweetViewController.swift */,
			);
			path = TwitterClone;
			sourceTree = "<group>";
		};
		756CE45325676FC000BCCB2A /* TwitterCloneTests */ = {
			isa = PBXGroup;
			children = (
				756CE45425676FC000BCCB2A /* TwitterCloneTests.swift */,
				756CE45625676FC000BCCB2A /* Info.plist */,
			);
			path = TwitterCloneTests;
			sourceTree = "<group>";
		};
		756CE45E25676FC000BCCB2A /* TwitterCloneUITests */ = {
			isa = PBXGroup;
			children = (
				756CE45F25676FC000BCCB2A /* TwitterCloneUITests.swift */,
				756CE46125676FC000BCCB2A /* Info.plist */,
			);
			path = TwitterCloneUITests;
			sourceTree = "<group>";
		};
		756CE470256770B700BCCB2A /* Localizable */ = {
			isa = PBXGroup;
			children = (
				756CE471256770CF00BCCB2A /* Localizable.strings */,
			);
			path = Localizable;
			sourceTree = "<group>";
		};
		756CE4762567711200BCCB2A /* Utilities */ = {
			isa = PBXGroup;
			children = (
				756CE4772567712400BCCB2A /* LocalizableUtils.swift */,
				756CE49B2567779500BCCB2A /* StringExtensions.swift */,
				756CE4BA25677B0800BCCB2A /* KeychainService.swift */,
			);
			path = Utilities;
			sourceTree = "<group>";
		};
		DAB66E6FB4CB120742156EA8 /* Pods */ = {
			isa = PBXGroup;
			children = (
				6C9D6D0F6CA4492DB46136FE /* Pods-TwitterClone.debug.xcconfig */,
				C99E3E362E9D1925669A416E /* Pods-TwitterClone.release.xcconfig */,
				7E2C9DA13BF5C8DDE680D27F /* Pods-TwitterClone-TwitterCloneUITests.debug.xcconfig */,
				5FD6C461188A5C23F53A075D /* Pods-TwitterClone-TwitterCloneUITests.release.xcconfig */,
				7D020B86F5A1ABFDB5DD72E1 /* Pods-TwitterCloneTests.debug.xcconfig */,
				7ACCCA013BB895DEB0DEE2FB /* Pods-TwitterCloneTests.release.xcconfig */,
			);
			path = Pods;
			sourceTree = "<group>";
		};
/* End PBXGroup section */

/* Begin PBXNativeTarget section */
		756CE43925676FBD00BCCB2A /* TwitterClone */ = {
			isa = PBXNativeTarget;
			buildConfigurationList = 756CE46425676FC000BCCB2A /* Build configuration list for PBXNativeTarget "TwitterClone" */;
			buildPhases = (
				47984BF87965B8A5ACBB8F7D /* [CP] Check Pods Manifest.lock */,
				756CE43625676FBD00BCCB2A /* Sources */,
				756CE43725676FBD00BCCB2A /* Frameworks */,
				756CE43825676FBD00BCCB2A /* Resources */,
				01C2E6EE6EDC0422237F32F5 /* [CP] Embed Pods Frameworks */,
			);
			buildRules = (
			);
			dependencies = (
			);
			name = TwitterClone;
			productName = TwitterClone;
			productReference = 756CE43A25676FBD00BCCB2A /* TwitterClone.app */;
			productType = "com.apple.product-type.application";
		};
		756CE44F25676FC000BCCB2A /* TwitterCloneTests */ = {
			isa = PBXNativeTarget;
			buildConfigurationList = 756CE46725676FC000BCCB2A /* Build configuration list for PBXNativeTarget "TwitterCloneTests" */;
			buildPhases = (
				A43A136D851A97BCA30238FE /* [CP] Check Pods Manifest.lock */,
				756CE44C25676FC000BCCB2A /* Sources */,
				756CE44D25676FC000BCCB2A /* Frameworks */,
				756CE44E25676FC000BCCB2A /* Resources */,
			);
			buildRules = (
			);
			dependencies = (
				756CE45225676FC000BCCB2A /* PBXTargetDependency */,
			);
			name = TwitterCloneTests;
			productName = TwitterCloneTests;
			productReference = 756CE45025676FC000BCCB2A /* TwitterCloneTests.xctest */;
			productType = "com.apple.product-type.bundle.unit-test";
		};
		756CE45A25676FC000BCCB2A /* TwitterCloneUITests */ = {
			isa = PBXNativeTarget;
			buildConfigurationList = 756CE46A25676FC000BCCB2A /* Build configuration list for PBXNativeTarget "TwitterCloneUITests" */;
			buildPhases = (
				786DC0C65E4E545EE5DCDAD6 /* [CP] Check Pods Manifest.lock */,
				756CE45725676FC000BCCB2A /* Sources */,
				756CE45825676FC000BCCB2A /* Frameworks */,
				756CE45925676FC000BCCB2A /* Resources */,
				0DDFEF632F346EAE8174DC6D /* [CP] Embed Pods Frameworks */,
			);
			buildRules = (
			);
			dependencies = (
				756CE45D25676FC000BCCB2A /* PBXTargetDependency */,
			);
			name = TwitterCloneUITests;
			productName = TwitterCloneUITests;
			productReference = 756CE45B25676FC000BCCB2A /* TwitterCloneUITests.xctest */;
			productType = "com.apple.product-type.bundle.ui-testing";
		};
/* End PBXNativeTarget section */

/* Begin PBXProject section */
		756CE43225676FBD00BCCB2A /* Project object */ = {
			isa = PBXProject;
			attributes = {
				LastSwiftUpdateCheck = 1200;
				LastUpgradeCheck = 1200;
				TargetAttributes = {
					756CE43925676FBD00BCCB2A = {
						CreatedOnToolsVersion = 12.0.1;
					};
					756CE44F25676FC000BCCB2A = {
						CreatedOnToolsVersion = 12.0.1;
						TestTargetID = 756CE43925676FBD00BCCB2A;
					};
					756CE45A25676FC000BCCB2A = {
						CreatedOnToolsVersion = 12.0.1;
						TestTargetID = 756CE43925676FBD00BCCB2A;
					};
				};
			};
			buildConfigurationList = 756CE43525676FBD00BCCB2A /* Build configuration list for PBXProject "TwitterClone" */;
			compatibilityVersion = "Xcode 9.3";
			developmentRegion = en;
			hasScannedForEncodings = 0;
			knownRegions = (
				en,
				Base,
			);
			mainGroup = 756CE43125676FBD00BCCB2A;
			productRefGroup = 756CE43B25676FBD00BCCB2A /* Products */;
			projectDirPath = "";
			projectRoot = "";
			targets = (
				756CE43925676FBD00BCCB2A /* TwitterClone */,
				756CE44F25676FC000BCCB2A /* TwitterCloneTests */,
				756CE45A25676FC000BCCB2A /* TwitterCloneUITests */,
			);
		};
/* End PBXProject section */

/* Begin PBXResourcesBuildPhase section */
		756CE43825676FBD00BCCB2A /* Resources */ = {
			isa = PBXResourcesBuildPhase;
			buildActionMask = 2147483647;
			files = (
				756CE44A25676FC000BCCB2A /* LaunchScreen.storyboard in Resources */,
				756CE472256770CF00BCCB2A /* Localizable.strings in Resources */,
				756CE4802567745E00BCCB2A /* GoogleService-Info.plist in Resources */,
				756CE44725676FC000BCCB2A /* Assets.xcassets in Resources */,
				756CE44525676FBD00BCCB2A /* Main.storyboard in Resources */,
			);
			runOnlyForDeploymentPostprocessing = 0;
		};
		756CE44E25676FC000BCCB2A /* Resources */ = {
			isa = PBXResourcesBuildPhase;
			buildActionMask = 2147483647;
			files = (
			);
			runOnlyForDeploymentPostprocessing = 0;
		};
		756CE45925676FC000BCCB2A /* Resources */ = {
			isa = PBXResourcesBuildPhase;
			buildActionMask = 2147483647;
			files = (
			);
			runOnlyForDeploymentPostprocessing = 0;
		};
/* End PBXResourcesBuildPhase section */

/* Begin PBXShellScriptBuildPhase section */
		01C2E6EE6EDC0422237F32F5 /* [CP] Embed Pods Frameworks */ = {
			isa = PBXShellScriptBuildPhase;
			buildActionMask = 2147483647;
			files = (
			);
			inputFileListPaths = (
				"${PODS_ROOT}/Target Support Files/Pods-TwitterClone/Pods-TwitterClone-frameworks-${CONFIGURATION}-input-files.xcfilelist",
			);
			name = "[CP] Embed Pods Frameworks";
			outputFileListPaths = (
				"${PODS_ROOT}/Target Support Files/Pods-TwitterClone/Pods-TwitterClone-frameworks-${CONFIGURATION}-output-files.xcfilelist",
			);
			runOnlyForDeploymentPostprocessing = 0;
			shellPath = /bin/sh;
			shellScript = "\"${PODS_ROOT}/Target Support Files/Pods-TwitterClone/Pods-TwitterClone-frameworks.sh\"\n";
			showEnvVarsInLog = 0;
		};
		0DDFEF632F346EAE8174DC6D /* [CP] Embed Pods Frameworks */ = {
			isa = PBXShellScriptBuildPhase;
			buildActionMask = 2147483647;
			files = (
			);
			inputFileListPaths = (
				"${PODS_ROOT}/Target Support Files/Pods-TwitterClone-TwitterCloneUITests/Pods-TwitterClone-TwitterCloneUITests-frameworks-${CONFIGURATION}-input-files.xcfilelist",
			);
			name = "[CP] Embed Pods Frameworks";
			outputFileListPaths = (
				"${PODS_ROOT}/Target Support Files/Pods-TwitterClone-TwitterCloneUITests/Pods-TwitterClone-TwitterCloneUITests-frameworks-${CONFIGURATION}-output-files.xcfilelist",
			);
			runOnlyForDeploymentPostprocessing = 0;
			shellPath = /bin/sh;
			shellScript = "\"${PODS_ROOT}/Target Support Files/Pods-TwitterClone-TwitterCloneUITests/Pods-TwitterClone-TwitterCloneUITests-frameworks.sh\"\n";
			showEnvVarsInLog = 0;
		};
		47984BF87965B8A5ACBB8F7D /* [CP] Check Pods Manifest.lock */ = {
			isa = PBXShellScriptBuildPhase;
			buildActionMask = 2147483647;
			files = (
			);
			inputFileListPaths = (
			);
			inputPaths = (
				"${PODS_PODFILE_DIR_PATH}/Podfile.lock",
				"${PODS_ROOT}/Manifest.lock",
			);
			name = "[CP] Check Pods Manifest.lock";
			outputFileListPaths = (
			);
			outputPaths = (
				"$(DERIVED_FILE_DIR)/Pods-TwitterClone-checkManifestLockResult.txt",
			);
			runOnlyForDeploymentPostprocessing = 0;
			shellPath = /bin/sh;
			shellScript = "diff \"${PODS_PODFILE_DIR_PATH}/Podfile.lock\" \"${PODS_ROOT}/Manifest.lock\" > /dev/null\nif [ $? != 0 ] ; then\n    # print error to STDERR\n    echo \"error: The sandbox is not in sync with the Podfile.lock. Run 'pod install' or update your CocoaPods installation.\" >&2\n    exit 1\nfi\n# This output is used by Xcode 'outputs' to avoid re-running this script phase.\necho \"SUCCESS\" > \"${SCRIPT_OUTPUT_FILE_0}\"\n";
			showEnvVarsInLog = 0;
		};
		786DC0C65E4E545EE5DCDAD6 /* [CP] Check Pods Manifest.lock */ = {
			isa = PBXShellScriptBuildPhase;
			buildActionMask = 2147483647;
			files = (
			);
			inputFileListPaths = (
			);
			inputPaths = (
				"${PODS_PODFILE_DIR_PATH}/Podfile.lock",
				"${PODS_ROOT}/Manifest.lock",
			);
			name = "[CP] Check Pods Manifest.lock";
			outputFileListPaths = (
			);
			outputPaths = (
				"$(DERIVED_FILE_DIR)/Pods-TwitterClone-TwitterCloneUITests-checkManifestLockResult.txt",
			);
			runOnlyForDeploymentPostprocessing = 0;
			shellPath = /bin/sh;
			shellScript = "diff \"${PODS_PODFILE_DIR_PATH}/Podfile.lock\" \"${PODS_ROOT}/Manifest.lock\" > /dev/null\nif [ $? != 0 ] ; then\n    # print error to STDERR\n    echo \"error: The sandbox is not in sync with the Podfile.lock. Run 'pod install' or update your CocoaPods installation.\" >&2\n    exit 1\nfi\n# This output is used by Xcode 'outputs' to avoid re-running this script phase.\necho \"SUCCESS\" > \"${SCRIPT_OUTPUT_FILE_0}\"\n";
			showEnvVarsInLog = 0;
		};
		A43A136D851A97BCA30238FE /* [CP] Check Pods Manifest.lock */ = {
			isa = PBXShellScriptBuildPhase;
			buildActionMask = 2147483647;
			files = (
			);
			inputFileListPaths = (
			);
			inputPaths = (
				"${PODS_PODFILE_DIR_PATH}/Podfile.lock",
				"${PODS_ROOT}/Manifest.lock",
			);
			name = "[CP] Check Pods Manifest.lock";
			outputFileListPaths = (
			);
			outputPaths = (
				"$(DERIVED_FILE_DIR)/Pods-TwitterCloneTests-checkManifestLockResult.txt",
			);
			runOnlyForDeploymentPostprocessing = 0;
			shellPath = /bin/sh;
			shellScript = "diff \"${PODS_PODFILE_DIR_PATH}/Podfile.lock\" \"${PODS_ROOT}/Manifest.lock\" > /dev/null\nif [ $? != 0 ] ; then\n    # print error to STDERR\n    echo \"error: The sandbox is not in sync with the Podfile.lock. Run 'pod install' or update your CocoaPods installation.\" >&2\n    exit 1\nfi\n# This output is used by Xcode 'outputs' to avoid re-running this script phase.\necho \"SUCCESS\" > \"${SCRIPT_OUTPUT_FILE_0}\"\n";
			showEnvVarsInLog = 0;
		};
/* End PBXShellScriptBuildPhase section */

/* Begin PBXSourcesBuildPhase section */
		756CE43625676FBD00BCCB2A /* Sources */ = {
			isa = PBXSourcesBuildPhase;
			buildActionMask = 2147483647;
			files = (
				756CE4782567712400BCCB2A /* LocalizableUtils.swift in Sources */,
				756CE4A1256779EF00BCCB2A /* DashboardViewController.swift in Sources */,
				756CE44225676FBD00BCCB2A /* LoginViewController.swift in Sources */,
				756CE49C2567779500BCCB2A /* StringExtensions.swift in Sources */,
				756CE4C02567827100BCCB2A /* TweetViewController.swift in Sources */,
				756CE4BB25677B0800BCCB2A /* KeychainService.swift in Sources */,
				756CE43E25676FBD00BCCB2A /* AppDelegate.swift in Sources */,
				756CE44025676FBD00BCCB2A /* SceneDelegate.swift in Sources */,
			);
			runOnlyForDeploymentPostprocessing = 0;
		};
		756CE44C25676FC000BCCB2A /* Sources */ = {
			isa = PBXSourcesBuildPhase;
			buildActionMask = 2147483647;
			files = (
				756CE45525676FC000BCCB2A /* TwitterCloneTests.swift in Sources */,
			);
			runOnlyForDeploymentPostprocessing = 0;
		};
		756CE45725676FC000BCCB2A /* Sources */ = {
			isa = PBXSourcesBuildPhase;
			buildActionMask = 2147483647;
			files = (
				756CE46025676FC000BCCB2A /* TwitterCloneUITests.swift in Sources */,
			);
			runOnlyForDeploymentPostprocessing = 0;
		};
/* End PBXSourcesBuildPhase section */

/* Begin PBXTargetDependency section */
		756CE45225676FC000BCCB2A /* PBXTargetDependency */ = {
			isa = PBXTargetDependency;
			target = 756CE43925676FBD00BCCB2A /* TwitterClone */;
			targetProxy = 756CE45125676FC000BCCB2A /* PBXContainerItemProxy */;
		};
		756CE45D25676FC000BCCB2A /* PBXTargetDependency */ = {
			isa = PBXTargetDependency;
			target = 756CE43925676FBD00BCCB2A /* TwitterClone */;
			targetProxy = 756CE45C25676FC000BCCB2A /* PBXContainerItemProxy */;
		};
/* End PBXTargetDependency section */

/* Begin PBXVariantGroup section */
		756CE44325676FBD00BCCB2A /* Main.storyboard */ = {
			isa = PBXVariantGroup;
			children = (
				756CE44425676FBD00BCCB2A /* Base */,
			);
			name = Main.storyboard;
			sourceTree = "<group>";
		};
		756CE44825676FC000BCCB2A /* LaunchScreen.storyboard */ = {
			isa = PBXVariantGroup;
			children = (
				756CE44925676FC000BCCB2A /* Base */,
			);
			name = LaunchScreen.storyboard;
			sourceTree = "<group>";
		};
/* End PBXVariantGroup section */

/* Begin XCBuildConfiguration section */
		756CE46225676FC000BCCB2A /* Debug */ = {
			isa = XCBuildConfiguration;
			buildSettings = {
				ALWAYS_SEARCH_USER_PATHS = NO;
				CLANG_ANALYZER_NONNULL = YES;
				CLANG_ANALYZER_NUMBER_OBJECT_CONVERSION = YES_AGGRESSIVE;
				CLANG_CXX_LANGUAGE_STANDARD = "gnu++14";
				CLANG_CXX_LIBRARY = "libc++";
				CLANG_ENABLE_MODULES = YES;
				CLANG_ENABLE_OBJC_ARC = YES;
				CLANG_ENABLE_OBJC_WEAK = YES;
				CLANG_WARN_BLOCK_CAPTURE_AUTORELEASING = YES;
				CLANG_WARN_BOOL_CONVERSION = YES;
				CLANG_WARN_COMMA = YES;
				CLANG_WARN_CONSTANT_CONVERSION = YES;
				CLANG_WARN_DEPRECATED_OBJC_IMPLEMENTATIONS = YES;
				CLANG_WARN_DIRECT_OBJC_ISA_USAGE = YES_ERROR;
				CLANG_WARN_DOCUMENTATION_COMMENTS = YES;
				CLANG_WARN_EMPTY_BODY = YES;
				CLANG_WARN_ENUM_CONVERSION = YES;
				CLANG_WARN_INFINITE_RECURSION = YES;
				CLANG_WARN_INT_CONVERSION = YES;
				CLANG_WARN_NON_LITERAL_NULL_CONVERSION = YES;
				CLANG_WARN_OBJC_IMPLICIT_RETAIN_SELF = YES;
				CLANG_WARN_OBJC_LITERAL_CONVERSION = YES;
				CLANG_WARN_OBJC_ROOT_CLASS = YES_ERROR;
				CLANG_WARN_QUOTED_INCLUDE_IN_FRAMEWORK_HEADER = YES;
				CLANG_WARN_RANGE_LOOP_ANALYSIS = YES;
				CLANG_WARN_STRICT_PROTOTYPES = YES;
				CLANG_WARN_SUSPICIOUS_MOVE = YES;
				CLANG_WARN_UNGUARDED_AVAILABILITY = YES_AGGRESSIVE;
				CLANG_WARN_UNREACHABLE_CODE = YES;
				CLANG_WARN__DUPLICATE_METHOD_MATCH = YES;
				COPY_PHASE_STRIP = NO;
				DEBUG_INFORMATION_FORMAT = dwarf;
				ENABLE_STRICT_OBJC_MSGSEND = YES;
				ENABLE_TESTABILITY = YES;
				GCC_C_LANGUAGE_STANDARD = gnu11;
				GCC_DYNAMIC_NO_PIC = NO;
				GCC_NO_COMMON_BLOCKS = YES;
				GCC_OPTIMIZATION_LEVEL = 0;
				GCC_PREPROCESSOR_DEFINITIONS = (
					"DEBUG=1",
					"$(inherited)",
				);
				GCC_WARN_64_TO_32_BIT_CONVERSION = YES;
				GCC_WARN_ABOUT_RETURN_TYPE = YES_ERROR;
				GCC_WARN_UNDECLARED_SELECTOR = YES;
				GCC_WARN_UNINITIALIZED_AUTOS = YES_AGGRESSIVE;
				GCC_WARN_UNUSED_FUNCTION = YES;
				GCC_WARN_UNUSED_VARIABLE = YES;
				IPHONEOS_DEPLOYMENT_TARGET = 14.0;
				MTL_ENABLE_DEBUG_INFO = INCLUDE_SOURCE;
				MTL_FAST_MATH = YES;
				ONLY_ACTIVE_ARCH = YES;
				SDKROOT = iphoneos;
				SWIFT_ACTIVE_COMPILATION_CONDITIONS = DEBUG;
				SWIFT_OPTIMIZATION_LEVEL = "-Onone";
			};
			name = Debug;
		};
		756CE46325676FC000BCCB2A /* Release */ = {
			isa = XCBuildConfiguration;
			buildSettings = {
				ALWAYS_SEARCH_USER_PATHS = NO;
				CLANG_ANALYZER_NONNULL = YES;
				CLANG_ANALYZER_NUMBER_OBJECT_CONVERSION = YES_AGGRESSIVE;
				CLANG_CXX_LANGUAGE_STANDARD = "gnu++14";
				CLANG_CXX_LIBRARY = "libc++";
				CLANG_ENABLE_MODULES = YES;
				CLANG_ENABLE_OBJC_ARC = YES;
				CLANG_ENABLE_OBJC_WEAK = YES;
				CLANG_WARN_BLOCK_CAPTURE_AUTORELEASING = YES;
				CLANG_WARN_BOOL_CONVERSION = YES;
				CLANG_WARN_COMMA = YES;
				CLANG_WARN_CONSTANT_CONVERSION = YES;
				CLANG_WARN_DEPRECATED_OBJC_IMPLEMENTATIONS = YES;
				CLANG_WARN_DIRECT_OBJC_ISA_USAGE = YES_ERROR;
				CLANG_WARN_DOCUMENTATION_COMMENTS = YES;
				CLANG_WARN_EMPTY_BODY = YES;
				CLANG_WARN_ENUM_CONVERSION = YES;
				CLANG_WARN_INFINITE_RECURSION = YES;
				CLANG_WARN_INT_CONVERSION = YES;
				CLANG_WARN_NON_LITERAL_NULL_CONVERSION = YES;
				CLANG_WARN_OBJC_IMPLICIT_RETAIN_SELF = YES;
				CLANG_WARN_OBJC_LITERAL_CONVERSION = YES;
				CLANG_WARN_OBJC_ROOT_CLASS = YES_ERROR;
				CLANG_WARN_QUOTED_INCLUDE_IN_FRAMEWORK_HEADER = YES;
				CLANG_WARN_RANGE_LOOP_ANALYSIS = YES;
				CLANG_WARN_STRICT_PROTOTYPES = YES;
				CLANG_WARN_SUSPICIOUS_MOVE = YES;
				CLANG_WARN_UNGUARDED_AVAILABILITY = YES_AGGRESSIVE;
				CLANG_WARN_UNREACHABLE_CODE = YES;
				CLANG_WARN__DUPLICATE_METHOD_MATCH = YES;
				COPY_PHASE_STRIP = NO;
				DEBUG_INFORMATION_FORMAT = "dwarf-with-dsym";
				ENABLE_NS_ASSERTIONS = NO;
				ENABLE_STRICT_OBJC_MSGSEND = YES;
				GCC_C_LANGUAGE_STANDARD = gnu11;
				GCC_NO_COMMON_BLOCKS = YES;
				GCC_WARN_64_TO_32_BIT_CONVERSION = YES;
				GCC_WARN_ABOUT_RETURN_TYPE = YES_ERROR;
				GCC_WARN_UNDECLARED_SELECTOR = YES;
				GCC_WARN_UNINITIALIZED_AUTOS = YES_AGGRESSIVE;
				GCC_WARN_UNUSED_FUNCTION = YES;
				GCC_WARN_UNUSED_VARIABLE = YES;
				IPHONEOS_DEPLOYMENT_TARGET = 14.0;
				MTL_ENABLE_DEBUG_INFO = NO;
				MTL_FAST_MATH = YES;
				SDKROOT = iphoneos;
				SWIFT_COMPILATION_MODE = wholemodule;
				SWIFT_OPTIMIZATION_LEVEL = "-O";
				VALIDATE_PRODUCT = YES;
			};
			name = Release;
		};
		756CE46525676FC000BCCB2A /* Debug */ = {
			isa = XCBuildConfiguration;
			baseConfigurationReference = 6C9D6D0F6CA4492DB46136FE /* Pods-TwitterClone.debug.xcconfig */;
			buildSettings = {
				ASSETCATALOG_COMPILER_APPICON_NAME = AppIcon;
				ASSETCATALOG_COMPILER_GLOBAL_ACCENT_COLOR_NAME = AccentColor;
				CODE_SIGN_STYLE = Automatic;
				DEVELOPMENT_TEAM = DJQS9YSS64;
				INFOPLIST_FILE = TwitterClone/Info.plist;
				LD_RUNPATH_SEARCH_PATHS = (
					"$(inherited)",
					"@executable_path/Frameworks",
				);
				PRODUCT_BUNDLE_IDENTIFIER = edu.northeastern.ashish.TwitterClone;
				PRODUCT_NAME = "$(TARGET_NAME)";
				SWIFT_VERSION = 5.0;
				TARGETED_DEVICE_FAMILY = "1,2";
			};
			name = Debug;
		};
		756CE46625676FC000BCCB2A /* Release */ = {
			isa = XCBuildConfiguration;
			baseConfigurationReference = C99E3E362E9D1925669A416E /* Pods-TwitterClone.release.xcconfig */;
			buildSettings = {
				ASSETCATALOG_COMPILER_APPICON_NAME = AppIcon;
				ASSETCATALOG_COMPILER_GLOBAL_ACCENT_COLOR_NAME = AccentColor;
				CODE_SIGN_STYLE = Automatic;
				DEVELOPMENT_TEAM = DJQS9YSS64;
				INFOPLIST_FILE = TwitterClone/Info.plist;
				LD_RUNPATH_SEARCH_PATHS = (
					"$(inherited)",
					"@executable_path/Frameworks",
				);
				PRODUCT_BUNDLE_IDENTIFIER = edu.northeastern.ashish.TwitterClone;
				PRODUCT_NAME = "$(TARGET_NAME)";
				SWIFT_VERSION = 5.0;
				TARGETED_DEVICE_FAMILY = "1,2";
			};
			name = Release;
		};
		756CE46825676FC000BCCB2A /* Debug */ = {
			isa = XCBuildConfiguration;
			baseConfigurationReference = 7D020B86F5A1ABFDB5DD72E1 /* Pods-TwitterCloneTests.debug.xcconfig */;
			buildSettings = {
				ALWAYS_EMBED_SWIFT_STANDARD_LIBRARIES = YES;
				BUNDLE_LOADER = "$(TEST_HOST)";
				CODE_SIGN_STYLE = Automatic;
				DEVELOPMENT_TEAM = DJQS9YSS64;
				INFOPLIST_FILE = TwitterCloneTests/Info.plist;
				IPHONEOS_DEPLOYMENT_TARGET = 14.0;
				LD_RUNPATH_SEARCH_PATHS = (
					"$(inherited)",
					"@executable_path/Frameworks",
					"@loader_path/Frameworks",
				);
				PRODUCT_BUNDLE_IDENTIFIER = edu.northeastern.ashish.TwitterCloneTests;
				PRODUCT_NAME = "$(TARGET_NAME)";
				SWIFT_VERSION = 5.0;
				TARGETED_DEVICE_FAMILY = "1,2";
				TEST_HOST = "$(BUILT_PRODUCTS_DIR)/TwitterClone.app/TwitterClone";
			};
			name = Debug;
		};
		756CE46925676FC000BCCB2A /* Release */ = {
			isa = XCBuildConfiguration;
			baseConfigurationReference = 7ACCCA013BB895DEB0DEE2FB /* Pods-TwitterCloneTests.release.xcconfig */;
			buildSettings = {
				ALWAYS_EMBED_SWIFT_STANDARD_LIBRARIES = YES;
				BUNDLE_LOADER = "$(TEST_HOST)";
				CODE_SIGN_STYLE = Automatic;
				DEVELOPMENT_TEAM = DJQS9YSS64;
				INFOPLIST_FILE = TwitterCloneTests/Info.plist;
				IPHONEOS_DEPLOYMENT_TARGET = 14.0;
				LD_RUNPATH_SEARCH_PATHS = (
					"$(inherited)",
					"@executable_path/Frameworks",
					"@loader_path/Frameworks",
				);
				PRODUCT_BUNDLE_IDENTIFIER = edu.northeastern.ashish.TwitterCloneTests;
				PRODUCT_NAME = "$(TARGET_NAME)";
				SWIFT_VERSION = 5.0;
				TARGETED_DEVICE_FAMILY = "1,2";
				TEST_HOST = "$(BUILT_PRODUCTS_DIR)/TwitterClone.app/TwitterClone";
			};
			name = Release;
		};
		756CE46B25676FC000BCCB2A /* Debug */ = {
			isa = XCBuildConfiguration;
			baseConfigurationReference = 7E2C9DA13BF5C8DDE680D27F /* Pods-TwitterClone-TwitterCloneUITests.debug.xcconfig */;
			buildSettings = {
				ALWAYS_EMBED_SWIFT_STANDARD_LIBRARIES = YES;
				CODE_SIGN_STYLE = Automatic;
				DEVELOPMENT_TEAM = DJQS9YSS64;
				INFOPLIST_FILE = TwitterCloneUITests/Info.plist;
				LD_RUNPATH_SEARCH_PATHS = (
					"$(inherited)",
					"@executable_path/Frameworks",
					"@loader_path/Frameworks",
				);
				PRODUCT_BUNDLE_IDENTIFIER = edu.northeastern.ashish.TwitterCloneUITests;
				PRODUCT_NAME = "$(TARGET_NAME)";
				SWIFT_VERSION = 5.0;
				TARGETED_DEVICE_FAMILY = "1,2";
				TEST_TARGET_NAME = TwitterClone;
			};
			name = Debug;
		};
		756CE46C25676FC000BCCB2A /* Release */ = {
			isa = XCBuildConfiguration;
			baseConfigurationReference = 5FD6C461188A5C23F53A075D /* Pods-TwitterClone-TwitterCloneUITests.release.xcconfig */;
			buildSettings = {
				ALWAYS_EMBED_SWIFT_STANDARD_LIBRARIES = YES;
				CODE_SIGN_STYLE = Automatic;
				DEVELOPMENT_TEAM = DJQS9YSS64;
				INFOPLIST_FILE = TwitterCloneUITests/Info.plist;
				LD_RUNPATH_SEARCH_PATHS = (
					"$(inherited)",
					"@executable_path/Frameworks",
					"@loader_path/Frameworks",
				);
				PRODUCT_BUNDLE_IDENTIFIER = edu.northeastern.ashish.TwitterCloneUITests;
				PRODUCT_NAME = "$(TARGET_NAME)";
				SWIFT_VERSION = 5.0;
				TARGETED_DEVICE_FAMILY = "1,2";
				TEST_TARGET_NAME = TwitterClone;
			};
			name = Release;
		};
/* End XCBuildConfiguration section */

/* Begin XCConfigurationList section */
		756CE43525676FBD00BCCB2A /* Build configuration list for PBXProject "TwitterClone" */ = {
			isa = XCConfigurationList;
			buildConfigurations = (
				756CE46225676FC000BCCB2A /* Debug */,
				756CE46325676FC000BCCB2A /* Release */,
			);
			defaultConfigurationIsVisible = 0;
			defaultConfigurationName = Release;
		};
		756CE46425676FC000BCCB2A /* Build configuration list for PBXNativeTarget "TwitterClone" */ = {
			isa = XCConfigurationList;
			buildConfigurations = (
				756CE46525676FC000BCCB2A /* Debug */,
				756CE46625676FC000BCCB2A /* Release */,
			);
			defaultConfigurationIsVisible = 0;
			defaultConfigurationName = Release;
		};
		756CE46725676FC000BCCB2A /* Build configuration list for PBXNativeTarget "TwitterCloneTests" */ = {
			isa = XCConfigurationList;
			buildConfigurations = (
				756CE46825676FC000BCCB2A /* Debug */,
				756CE46925676FC000BCCB2A /* Release */,
			);
			defaultConfigurationIsVisible = 0;
			defaultConfigurationName = Release;
		};
		756CE46A25676FC000BCCB2A /* Build configuration list for PBXNativeTarget "TwitterCloneUITests" */ = {
			isa = XCConfigurationList;
			buildConfigurations = (
				756CE46B25676FC000BCCB2A /* Debug */,
				756CE46C25676FC000BCCB2A /* Release */,
			);
			defaultConfigurationIsVisible = 0;
			defaultConfigurationName = Release;
		};
/* End XCConfigurationList section */
	};
	rootObject = 756CE43225676FBD00BCCB2A /* Project object */;
}
